
Microsoft Visual Studio Solution File, Format Version 11.00
# Visual Studio 2010
Project("{FAE04EC0-301F-11D3-BF4B-00C04F79EFBC}") = "DemoLog4net", "DemoLog4net\DemoLog4net.csproj", "{50800D14-A4D8-488B-88EB-4A70639B5AE6}"
EndProject
Project("{54435603-DBB4-11D2-8724-00A0C9A8B90C}") = "Setup1", "Setup1\Setup1.vdproj", "{8957822A-2637-41B9-8C75-4D35B6BA0334}"
EndProject
Global
	GlobalSection(SolutionConfigurationPlatforms) = preSolution
		Debug|x86 = Debug|x86
		Release|x86 = Release|x86
	EndGlobalSection
	GlobalSection(ProjectConfigurationPlatforms) = postSolution
		{50800D14-A4D8-488B-88EB-4A70639B5AE6}.Debug|x86.ActiveCfg = Debug|x86
		{50800D14-A4D8-488B-88EB-4A70639B5AE6}.Debug|x86.Build.0 = Debug|x86
		{50800D14-A4D8-488B-88EB-4A70639B5AE6}.Release|x86.ActiveCfg = Release|x86
		{50800D14-A4D8-488B-88EB-4A70639B5AE6}.Release|x86.Build.0 = Release|x86
		{8957822A-2637-41B9-8C75-4D35B6BA0334}.Debug|x86.ActiveCfg = Debug
		{8957822A-2637-41B9-8C75-4D35B6BA0334}.Release|x86.ActiveCfg = Release
	EndGlobalSection
	GlobalSection(SolutionProperties) = preSolution
		HideSolutionNode = FALSE
	EndGlobalSection
EndGlobal
